<?xml version="1.0" encoding="utf-8"?>
<Project ToolsVersion="4.0" xmlns="http://schemas.microsoft.com/developer/msbuild/2003">
  <ItemGroup>
    <Filter Include="Source Files">
      <UniqueIdentifier>{4FC737F1-C7A5-4376-A066-2A32D752A2FF}</UniqueIdentifier>
      <Extensions>cpp;c;cc;cxx;c++;cppm;ixx;def;odl;idl;hpj;bat;asm;asmx</Extensions>
    </Filter>
    <Filter Include="Header Files">
      <UniqueIdentifier>{93995380-89BD-4b04-88EB-625FBE52EBFB}</UniqueIdentifier>
      <Extensions>h;hh;hpp;hxx;h++;hm;inl;inc;ipp;xsd</Extensions>
    </Filter>
    <Filter Include="Resource Files">
      <UniqueIdentifier>{67DA6AB6-F800-4c08-8B7A-83BB121AAD01}</UniqueIdentifier>
      <Extensions>rc;ico;cur;bmp;dlg;rc2;rct;bin;rgs;gif;jpg;jpeg;jpe;resx;tiff;tif;png;wav;mfcribbon-ms</Extensions>
    </Filter>
  </ItemGroup>
  <ItemGroup>
    <ClCompile Include="main.cpp">
      <Filter>Source Files</Filter>
    </ClCompile>
    <ClCompile Include="..\..\opengl\glad.c">
      <Filter>Source Files</Filter>
    </ClCompile>
    <ClCompile Include="shader.h">
      <Filter>Source Files</Filter>
    </ClCompile>
    <ClCompile Include="stb_image.cpp">
      <Filter>Source Files</Filter>
    </ClCompile>
  </ItemGroup>
  <ItemGroup>
    <ClInclude Include="basic_camera.h">
      <Filter>Source Files</Filter>
    </ClInclude>
    <ClInclude Include="camera.h">
      <Filter>Source Files</Filter>
    </ClInclude>
    <ClInclude Include="pointLight.h">
      <Filter>Source Files</Filter>
    </ClInclude>
    <ClInclude Include="stb_image.h">
      <Filter>Source Files</Filter>
    </ClInclude>
    <ClInclude Include="cube.h">
      <Filter>Source Files</Filter>
    </ClInclude>
    <ClInclude Include="SpotLight.h">
      <Filter>Source Files</Filter>
    </ClInclude>
  </ItemGroup>
  <ItemGroup>
    <None Include="fragmentShader.fs" />
    <None Include="vertexShader.vs" />
    <None Include="fragmentShaderForGouraudShading.fs" />
    <None Include="vertexShaderForGouraudShading.vs" />
    <None Include="fragmentShaderForPhongShadingWithTexture.fs" />
    <None Include="vertexShaderForPhongShadingWithTexture.vs" />
    <None Include="texture_fragment.fs" />
    <None Include="texture_vertex.vs" />
    <None Include="fragmentShaderForPhongShading.fs" />
    <None Include="vertexShaderForPhongShading.vs" />
  </ItemGroup>
  <ItemGroup>
    <Text Include="slider_points.txt" />
    <Text Include="rope_points.txt" />
    <Text Include="hill.txt" />
    <Text Include="pillar_points.txt" />
    <Text Include="ferri_points.txt" />
    <Text Include="seesawleg.txt" />
  </ItemGroup>
  <ItemGroup>
    <Image Include="C:\Users\USER\Downloads\grass.jpg">
      <Filter>Source Files</Filter>
    </Image>
    <Image Include="C:\Users\USER\Downloads\rope.jpg">
      <Filter>Source Files</Filter>
    </Image>
    <Image Include="C:\Users\USER\Downloads\rope2.jpg">
      <Filter>Source Files</Filter>
    </Image>
    <Image Include="C:\Users\USER\Downloads\wood.jpg">
      <Filter>Source Files</Filter>
    </Image>
    <Image Include="mashroom2.jpg">
      <Filter>Source Files</Filter>
    </Image>
    <Image Include="mushroom_top.jpg">
      <Filter>Source Files</Filter>
    </Image>
    <Image Include="C:\Users\USER\Downloads\mushroom3.jpg">
      <Filter>Source Files</Filter>
    </Image>
    <Image Include="mushroom4.jpg">
      <Filter>Source Files</Filter>
    </Image>
    <Image Include="road.jpg">
      <Filter>Source Files</Filter>
    </Image>
    <Image Include="brickwall.jpg">
      <Filter>Source Files</Filter>
    </Image>
    <Image Include="flower.jpg">
      <Filter>Source Files</Filter>
    </Image>
    <Image Include="flower2.jpg">
      <Filter>Source Files</Filter>
    </Image>
    <Image Include="seat.jpeg">
      <Filter>Source Files</Filter>
    </Image>
    <Image Include="C:\Users\USER\Downloads\sofa2.png">
      <Filter>Source Files</Filter>
    </Image>
    <Image Include="C:\Users\USER\Downloads\welcome.jpg">
      <Filter>Source Files</Filter>
    </Image>
    <Image Include="C:\Users\USER\Downloads\welcome2.jpg">
      <Filter>Source Files</Filter>
    </Image>
  </ItemGroup>
</Project>